[[package]]
name = "atomicwrites"
version = "1.4.0"
description = "Atomic file writes."
category = "dev"
optional = false
python-versions = ">=2.7, !=3.0.*, !=3.1.*, !=3.2.*, !=3.3.*"

[[package]]
name = "attrs"
version = "21.4.0"
description = "Classes Without Boilerplate"
category = "dev"
optional = false
python-versions = ">=2.7, !=3.0.*, !=3.1.*, !=3.2.*, !=3.3.*, !=3.4.*"

[package.extras]
dev = ["coverage[toml] (>=5.0.2)", "hypothesis", "pympler", "pytest (>=4.3.0)", "six", "mypy", "pytest-mypy-plugins", "zope.interface", "furo", "sphinx", "sphinx-notfound-page", "pre-commit", "cloudpickle"]
docs = ["furo", "sphinx", "zope.interface", "sphinx-notfound-page"]
tests = ["coverage[toml] (>=5.0.2)", "hypothesis", "pympler", "pytest (>=4.3.0)", "six", "mypy", "pytest-mypy-plugins", "zope.interface", "cloudpickle"]
tests_no_zope = ["coverage[toml] (>=5.0.2)", "hypothesis", "pympler", "pytest (>=4.3.0)", "six", "mypy", "pytest-mypy-plugins", "cloudpickle"]

[[package]]
name = "click"
version = "8.0.4"
description = "Composable command line interface toolkit"
category = "main"
optional = false
python-versions = ">=3.6"

[package.dependencies]
colorama = {version = "*", markers = "platform_system == \"Windows\""}

[[package]]
name = "colorama"
version = "0.4.4"
description = "Cross-platform colored terminal text."
category = "main"
optional = false
python-versions = ">=2.7, !=3.0.*, !=3.1.*, !=3.2.*, !=3.3.*, !=3.4.*"

[[package]]
name = "iniconfig"
version = "1.1.1"
description = "iniconfig: brain-dead simple config-ini parsing"
category = "dev"
optional = false
python-versions = "*"

[[package]]
name = "llvmlite"
version = "0.38.0"
description = "lightweight wrapper around basic LLVM functionality"
category = "main"
optional = false
python-versions = ">=3.7,<3.11"

[[package]]
name = "numba"
version = "0.55.1"
description = "compiling Python code using LLVM"
category = "main"
optional = false
python-versions = ">=3.7,<3.11"

[package.dependencies]
llvmlite = ">=0.38.0rc1,<0.39"
numpy = ">=1.18,<1.22"

[[package]]
name = "numpy"
version = "1.21.5"
description = "NumPy is the fundamental package for array computing with Python."
category = "main"
optional = false
python-versions = ">=3.7,<3.11"

[[package]]
name = "packaging"
version = "21.3"
description = "Core utilities for Python packages"
category = "dev"
optional = false
python-versions = ">=3.6"

[package.dependencies]
pyparsing = ">=2.0.2,<3.0.5 || >3.0.5"

[[package]]
name = "pillow"
version = "9.0.1"
description = "Python Imaging Library (Fork)"
category = "main"
optional = false
python-versions = ">=3.7"

[[package]]
name = "pluggy"
version = "1.0.0"
description = "plugin and hook calling mechanisms for python"
category = "dev"
optional = false
python-versions = ">=3.6"

[package.extras]
dev = ["pre-commit", "tox"]
testing = ["pytest", "pytest-benchmark"]

[[package]]
name = "py"
version = "1.11.0"
description = "library with cross-python path, ini-parsing, io, code, log facilities"
category = "dev"
optional = false
python-versions = ">=2.7, !=3.0.*, !=3.1.*, !=3.2.*, !=3.3.*, !=3.4.*"

[[package]]
name = "pyparsing"
version = "3.0.7"
description = "Python parsing module"
category = "dev"
optional = false
python-versions = ">=3.6"

[package.extras]
diagrams = ["jinja2", "railroad-diagrams"]

[[package]]
name = "pytest"
version = "7.0.1"
description = "pytest: simple powerful testing with Python"
category = "dev"
optional = false
python-versions = ">=3.6"

[package.dependencies]
atomicwrites = {version = ">=1.0", markers = "sys_platform == \"win32\""}
attrs = ">=19.2.0"
colorama = {version = "*", markers = "sys_platform == \"win32\""}
iniconfig = "*"
packaging = "*"
pluggy = ">=0.12,<2.0"
py = ">=1.8.2"
tomli = ">=1.0.0"

[package.extras]
testing = ["argcomplete", "hypothesis (>=3.56)", "mock", "nose", "pygments (>=2.7.2)", "requests", "xmlschema"]

[[package]]
name = "scipy"
version = "1.8.0"
description = "SciPy: Scientific Library for Python"
category = "main"
optional = false
python-versions = ">=3.8,<3.11"

[package.dependencies]
numpy = ">=1.17.3,<1.25.0"

[[package]]
name = "tomli"
version = "2.0.1"
description = "A lil' TOML parser"
category = "dev"
optional = false
python-versions = ">=3.7"

[metadata]
lock-version = "1.1"
python-versions = "^3.8,<3.11"
content-hash = "b4654a5aec0dce7a96f95dd8fd54215aebc6c501c09fdc9f8a9b542e75ec0d8a"

[metadata.files]
atomicwrites = [
    {file = "atomicwrites-1.4.0-py2.py3-none-any.whl", hash = "sha256:6d1784dea7c0c8d4a5172b6c620f40b6e4cbfdf96d783691f2e1302a7b88e197"},
    {file = "atomicwrites-1.4.0.tar.gz", hash = "sha256:ae70396ad1a434f9c7046fd2dd196fc04b12f9e91ffb859164193be8b6168a7a"},
]
attrs = [
    {file = "attrs-21.4.0-py2.py3-none-any.whl", hash = "sha256:2d27e3784d7a565d36ab851fe94887c5eccd6a463168875832a1be79c82828b4"},
    {file = "attrs-21.4.0.tar.gz", hash = "sha256:626ba8234211db98e869df76230a137c4c40a12d72445c45d5f5b716f076e2fd"},
]
click = [
    {file = "click-8.0.4-py3-none-any.whl", hash = "sha256:6a7a62563bbfabfda3a38f3023a1db4a35978c0abd76f6c9605ecd6554d6d9b1"},
    {file = "click-8.0.4.tar.gz", hash = "sha256:8458d7b1287c5fb128c90e23381cf99dcde74beaf6c7ff6384ce84d6fe090adb"},
]
colorama = [
    {file = "colorama-0.4.4-py2.py3-none-any.whl", hash = "sha256:9f47eda37229f68eee03b24b9748937c7dc3868f906e8ba69fbcbdd3bc5dc3e2"},
    {file = "colorama-0.4.4.tar.gz", hash = "sha256:5941b2b48a20143d2267e95b1c2a7603ce057ee39fd88e7329b0c292aa16869b"},
]
iniconfig = [
    {file = "iniconfig-1.1.1-py2.py3-none-any.whl", hash = "sha256:011e24c64b7f47f6ebd835bb12a743f2fbe9a26d4cecaa7f53bc4f35ee9da8b3"},
    {file = "iniconfig-1.1.1.tar.gz", hash = "sha256:bc3af051d7d14b2ee5ef9969666def0cd1a000e121eaea580d4a313df4b37f32"},
]
llvmlite = [
    {file = "llvmlite-0.38.0-cp310-cp310-macosx_10_9_x86_64.whl", hash = "sha256:0497a19428083a0544663732a925994d74e3b15c3c94946c6e7b6bf21a391264"},
    {file = "llvmlite-0.38.0-cp310-cp310-manylinux_2_17_aarch64.manylinux2014_aarch64.whl", hash = "sha256:b040d392e998582883cd680e81afb4cd2d331d69cb93d605c735bfd2caa09805"},
    {file = "llvmlite-0.38.0-cp310-cp310-manylinux_2_17_i686.manylinux2014_i686.whl", hash = "sha256:8b88cc3c6c0010df8a720c777ef1c0879d304404e0727c4ac9e3dc98d5815e10"},
    {file = "llvmlite-0.38.0-cp310-cp310-manylinux_2_17_x86_64.manylinux2014_x86_64.whl", hash = "sha256:87805405ccdd1add51f51d85997fbff01c920adf4da600dbe197e1f3eebd1e57"},
    {file = "llvmlite-0.38.0-cp310-cp310-win32.whl", hash = "sha256:17140e1462aa7f9250428fff7dd24187ea30498034a832bdb7385cbdc28fd4bf"},
    {file = "llvmlite-0.38.0-cp310-cp310-win_amd64.whl", hash = "sha256:c0f11feda33f2b49abf5acc11828eebb3098050bbf6cd1cd75e2b05eb7676cb1"},
    {file = "llvmlite-0.38.0-cp37-cp37m-macosx_10_9_x86_64.whl", hash = "sha256:f7a438917c30e87ac79bb89c773c100560dc346e0f0b03aabd88a6f6de3556c6"},
    {file = "llvmlite-0.38.0-cp37-cp37m-manylinux_2_17_aarch64.manylinux2014_aarch64.whl", hash = "sha256:2e8bbb8e97d7cc0b6d124ba9f8577955fdc7639715f925c410abe02d2bc92862"},
    {file = "llvmlite-0.38.0-cp37-cp37m-manylinux_2_17_i686.manylinux2014_i686.whl", hash = "sha256:5845432b4660c530d27c46434b9669290f205d9b1c1e02e52f43f6d11782b4be"},
    {file = "llvmlite-0.38.0-cp37-cp37m-manylinux_2_17_x86_64.manylinux2014_x86_64.whl", hash = "sha256:6a91e25488609cc91db91de206e023b7fe0889ac007adb31c713e685384497ba"},
    {file = "llvmlite-0.38.0-cp37-cp37m-win32.whl", hash = "sha256:2426bfff67fdab577c7d5321c252d880434911caa6f9152f5be98da71b30e084"},
    {file = "llvmlite-0.38.0-cp37-cp37m-win_amd64.whl", hash = "sha256:6b48c8fffc3512a2e97c6f70deb09eb49c419af66ced79e317cc2323117dcec6"},
    {file = "llvmlite-0.38.0-cp38-cp38-macosx_10_9_x86_64.whl", hash = "sha256:e1095557a27b041f1217036e568a5449d4b385c2415cb4316b2f5476f96e9a58"},
    {file = "llvmlite-0.38.0-cp38-cp38-manylinux_2_17_aarch64.manylinux2014_aarch64.whl", hash = "sha256:081d9c36d8e012b86bac02af49e225d883975ab5978ba33c3cc291474620c84d"},
    {file = "llvmlite-0.38.0-cp38-cp38-manylinux_2_17_i686.manylinux2014_i686.whl", hash = "sha256:63e178c6f7872a39572e210cb266fb6db6386f5e622e2d8c79491b6d8c7aa942"},
    {file = "llvmlite-0.38.0-cp38-cp38-manylinux_2_17_x86_64.manylinux2014_x86_64.whl", hash = "sha256:48558fddce5ff351f9de98beff35888aa351598e5635b3b91d67ec9e10d458cc"},
    {file = "llvmlite-0.38.0-cp38-cp38-win32.whl", hash = "sha256:7e07bacc2bb2ef1bf33dbf64d4bd13330baeae2287902100b144e43bcd1b066b"},
    {file = "llvmlite-0.38.0-cp38-cp38-win_amd64.whl", hash = "sha256:37b66bf3624dd0b3739b4cf1b3cc3735dbe7799bc90d2a7a79a54b0ce37e1a38"},
    {file = "llvmlite-0.38.0-cp39-cp39-macosx_10_9_x86_64.whl", hash = "sha256:f43861f382b954fbf2ff88db5f13b00ac11ec4353445d3ba80e1eadcdd06c149"},
    {file = "llvmlite-0.38.0-cp39-cp39-manylinux_2_17_aarch64.manylinux2014_aarch64.whl", hash = "sha256:0fb7cb2907814dd03a152549d1c4dfee4854881d9cc7da85414b77903a681aa6"},
    {file = "llvmlite-0.38.0-cp39-cp39-manylinux_2_17_i686.manylinux2014_i686.whl", hash = "sha256:c967b96d708556597e003217fd99f0c20e73d09c91d6d5054c538becc396ba79"},
    {file = "llvmlite-0.38.0-cp39-cp39-manylinux_2_17_x86_64.manylinux2014_x86_64.whl", hash = "sha256:3f7b2838898c80557e959f83fb28d260e5e2301396f34830f3ec6811ae53f6be"},
    {file = "llvmlite-0.38.0-cp39-cp39-win32.whl", hash = "sha256:de321a680690d1ce040f34294d215ed0ac5fdcf7c98f044d11ac9b9d9ebc969f"},
    {file = "llvmlite-0.38.0-cp39-cp39-win_amd64.whl", hash = "sha256:70734d46c2611f3fe765985fe356aaec393dc79bbd735f7f4d23f910b5148dc3"},
    {file = "llvmlite-0.38.0.tar.gz", hash = "sha256:a99d166ccf3b116f3b9ed23b9b70ba2415640a9c978f3aaa13fad49c58f4965c"},
]
numba = [
    {file = "numba-0.55.1-1-cp310-cp310-manylinux2014_aarch64.manylinux_2_17_aarch64.whl", hash = "sha256:be56fb78303973e6c19c7c2759996a5863bac69ca87570543d9f18f2f287a441"},
    {file = "numba-0.55.1-1-cp310-cp310-manylinux2014_i686.manylinux_2_17_i686.whl", hash = "sha256:ee71407be9cba09b4f68afa668317e97d66d5f83c37ab4caa20d8abcf5fad32b"},
    {file = "numba-0.55.1-1-cp310-cp310-manylinux2014_x86_64.manylinux_2_17_x86_64.whl", hash = "sha256:39a109efc317e8eb786feff0a29476036971ce08e3280be8153c3b6c1ccba415"},
    {file = "numba-0.55.1-1-cp37-cp37m-manylinux2014_aarch64.manylinux_2_17_aarch64.whl", hash = "sha256:0dc8294b2b6b2dbe3a709787bbb1e6f9dcef62197429de8daaa714d77052eefe"},
    {file = "numba-0.55.1-1-cp37-cp37m-manylinux2014_i686.manylinux_2_17_i686.whl", hash = "sha256:bcd5e09dba5e19ff7a1b9716a1ce58f0931cec09515683011e57415c6a33ac3d"},
    {file = "numba-0.55.1-1-cp37-cp37m-manylinux2014_x86_64.manylinux_2_17_x86_64.whl", hash = "sha256:64209d71b1e33415d5b1b177ed218d679062f844667dd279ee9094c4e3e2babc"},
    {file = "numba-0.55.1-1-cp38-cp38-manylinux2014_aarch64.manylinux_2_17_aarch64.whl", hash = "sha256:ff5ed5c7665f8a5405af53332d224caca68358909abde9ca8dfef3495cdea789"},
    {file = "numba-0.55.1-1-cp38-cp38-manylinux2014_i686.manylinux_2_17_i686.whl", hash = "sha256:d80afc5618e66af2d101eff0e6214acb865136ae886d8b01414ca3dedd9166d6"},
    {file = "numba-0.55.1-1-cp38-cp38-manylinux2014_x86_64.manylinux_2_17_x86_64.whl", hash = "sha256:6d0042371880fa56ed58be27502b11a08bff0b6335f0ebde82af1a7aef5e1287"},
    {file = "numba-0.55.1-1-cp39-cp39-manylinux2014_aarch64.manylinux_2_17_aarch64.whl", hash = "sha256:4a5cb8930e729aeed96809524ca4df41b6f2432b379f220014ef4fdff21dbfe6"},
    {file = "numba-0.55.1-1-cp39-cp39-manylinux2014_i686.manylinux_2_17_i686.whl", hash = "sha256:fee529ddc9c0584b932f7885735162e52344eded8c01c78c17e2768aa6787780"},
    {file = "numba-0.55.1-1-cp39-cp39-manylinux2014_x86_64.manylinux_2_17_x86_64.whl", hash = "sha256:230e542649c7087454bc851d2e22b5e15694b6cf0549a27234d1baea6c2e0a87"},
    {file = "numba-0.55.1-cp310-cp310-macosx_10_14_x86_64.whl", hash = "sha256:adc88fe64f5235c8b1e7230ae29476a08ffb61a65e9f79f745bd357f215e2d52"},
    {file = "numba-0.55.1-cp310-cp310-win32.whl", hash = "sha256:a5af7f1d30f56029d1b9ea288372f924f9dcb322f0e6358f6d5203b20eb6f7a0"},
    {file = "numba-0.55.1-cp310-cp310-win_amd64.whl", hash = "sha256:71815c501b2f6309c432e98ff93a582a9bfb61da943e0cb9a52595fadbb1131d"},
    {file = "numba-0.55.1-cp37-cp37m-macosx_10_14_x86_64.whl", hash = "sha256:53909143917ea4962cfbfae7038ac882987ff54cb2c408538ce71f83b356f106"},
    {file = "numba-0.55.1-cp37-cp37m-win32.whl", hash = "sha256:cddc13939e2b27782258826686800ae9c2e90b35c36ef1ab5ccfae7cedca0516"},
    {file = "numba-0.55.1-cp37-cp37m-win_amd64.whl", hash = "sha256:ac6ae19ff5093a42bf8b365550322a2e39650d608daa379dff71571272d88d93"},
    {file = "numba-0.55.1-cp38-cp38-macosx_10_14_x86_64.whl", hash = "sha256:77187ed09e6b25ae24b840e1acc4b5f9886b551cdc5f919ddad8e5933a6027d5"},
    {file = "numba-0.55.1-cp38-cp38-win32.whl", hash = "sha256:53ee562b873e00eaa26390690ac5d36b706782d429e5a18b255161f607f13c17"},
    {file = "numba-0.55.1-cp38-cp38-win_amd64.whl", hash = "sha256:02fb0ecd218ab1e1171cbaee11235a3a1f7dcf79dee3fa786243a2a6411f2fea"},
    {file = "numba-0.55.1-cp39-cp39-macosx_10_14_x86_64.whl", hash = "sha256:6aa8f18a003a0e4876826fe080e6038fc6da083899873b77172ec29c32e49b56"},
    {file = "numba-0.55.1-cp39-cp39-win32.whl", hash = "sha256:d5ee721ce884f8313802295633fdd3e7c83541e0917bafea2bdfed6aabab93bf"},
    {file = "numba-0.55.1-cp39-cp39-win_amd64.whl", hash = "sha256:b72350160eb9a73a36aa17d808f954353a263a0295d495497c87439d79bdaec7"},
    {file = "numba-0.55.1.tar.gz", hash = "sha256:03e9069a2666d1c84f93b00dbd716fb8fedde8bb2c6efafa2f04842a46442ea3"},
]
numpy = [
    {file = "numpy-1.21.5-cp310-cp310-macosx_10_9_universal2.whl", hash = "sha256:301e408a052fdcda5cdcf03021ebafc3c6ea093021bf9d1aa47c54d48bdad166"},
    {file = "numpy-1.21.5-cp310-cp310-macosx_10_9_x86_64.whl", hash = "sha256:a7e8f6216f180f3fd4efb73de5d1eaefb5f5a1ee5b645c67333033e39440e63a"},
    {file = "numpy-1.21.5-cp310-cp310-macosx_11_0_arm64.whl", hash = "sha256:fc7a7d7b0ed72589fd8b8486b9b42a564f10b8762be8bd4d9df94b807af4a089"},
    {file = "numpy-1.21.5-cp310-cp310-manylinux_2_17_aarch64.manylinux2014_aarch64.whl", hash = "sha256:58ca1d7c8aef6e996112d0ce873ac9dfa1eaf4a1196b4ff7ff73880a09923ba7"},
    {file = "numpy-1.21.5-cp310-cp310-manylinux_2_17_x86_64.manylinux2014_x86_64.whl", hash = "sha256:dc4b2fb01f1b4ddbe2453468ea0719f4dbb1f5caa712c8b21bb3dd1480cd30d9"},
    {file = "numpy-1.21.5-cp310-cp310-win_amd64.whl", hash = "sha256:cc1b30205d138d1005adb52087ff45708febbef0e420386f58664f984ef56954"},
    {file = "numpy-1.21.5-cp37-cp37m-macosx_10_9_x86_64.whl", hash = "sha256:08de8472d9f7571f9d51b27b75e827f5296295fa78817032e84464be8bb905bc"},
    {file = "numpy-1.21.5-cp37-cp37m-manylinux_2_12_i686.manylinux2010_i686.whl", hash = "sha256:4fe6a006557b87b352c04596a6e3f12a57d6e5f401d804947bd3188e6b0e0e76"},
    {file = "numpy-1.21.5-cp37-cp37m-manylinux_2_12_x86_64.manylinux2010_x86_64.whl", hash = "sha256:3d893b0871322eaa2f8c7072cdb552d8e2b27645b7875a70833c31e9274d4611"},
    {file = "numpy-1.21.5-cp37-cp37m-manylinux_2_17_aarch64.manylinux2014_aarch64.whl", hash = "sha256:341dddcfe3b7b6427a28a27baa59af5ad51baa59bfec3264f1ab287aa3b30b13"},
    {file = "numpy-1.21.5-cp37-cp37m-win32.whl", hash = "sha256:ca9c23848292c6fe0a19d212790e62f398fd9609aaa838859be8459bfbe558aa"},
    {file = "numpy-1.21.5-cp37-cp37m-win_amd64.whl", hash = "sha256:025b497014bc33fc23897859350f284323f32a2fff7654697f5a5fc2a19e9939"},
    {file = "numpy-1.21.5-cp38-cp38-macosx_10_9_universal2.whl", hash = "sha256:3a5098df115340fb17fc93867317a947e1dcd978c3888c5ddb118366095851f8"},
    {file = "numpy-1.21.5-cp38-cp38-macosx_10_9_x86_64.whl", hash = "sha256:311283acf880cfcc20369201bd75da907909afc4666966c7895cbed6f9d2c640"},
    {file = "numpy-1.21.5-cp38-cp38-macosx_11_0_arm64.whl", hash = "sha256:b545ebadaa2b878c8630e5bcdb97fc4096e779f335fc0f943547c1c91540c815"},
    {file = "numpy-1.21.5-cp38-cp38-manylinux_2_12_i686.manylinux2010_i686.whl", hash = "sha256:c5562bcc1a9b61960fc8950ade44d00e3de28f891af0acc96307c73613d18f6e"},
    {file = "numpy-1.21.5-cp38-cp38-manylinux_2_12_x86_64.manylinux2010_x86_64.whl", hash = "sha256:eed2afaa97ec33b4411995be12f8bdb95c87984eaa28d76cf628970c8a2d689a"},
    {file = "numpy-1.21.5-cp38-cp38-manylinux_2_17_aarch64.manylinux2014_aarch64.whl", hash = "sha256:61bada43d494515d5b122f4532af226fdb5ee08fe5b5918b111279843dc6836a"},
    {file = "numpy-1.21.5-cp38-cp38-win32.whl", hash = "sha256:7b9d6b14fc9a4864b08d1ba57d732b248f0e482c7b2ff55c313137e3ed4d8449"},
    {file = "numpy-1.21.5-cp38-cp38-win_amd64.whl", hash = "sha256:dbce7adeb66b895c6aaa1fad796aaefc299ced597f6fbd9ceddb0dd735245354"},
    {file = "numpy-1.21.5-cp39-cp39-macosx_10_9_universal2.whl", hash = "sha256:507c05c7a37b3683eb08a3ff993bd1ee1e6c752f77c2f275260533b265ecdb6c"},
    {file = "numpy-1.21.5-cp39-cp39-macosx_10_9_x86_64.whl", hash = "sha256:00c9fa73a6989895b8815d98300a20ac993c49ac36c8277e8ffeaa3631c0dbbb"},
    {file = "numpy-1.21.5-cp39-cp39-macosx_11_0_arm64.whl", hash = "sha256:69a5a8d71c308d7ef33ef72371c2388a90e3495dbb7993430e674006f94797d5"},
    {file = "numpy-1.21.5-cp39-cp39-manylinux_2_12_i686.manylinux2010_i686.whl", hash = "sha256:2d8adfca843bc46ac199a4645233f13abf2011a0b2f4affc5c37cd552626f27b"},
    {file = "numpy-1.21.5-cp39-cp39-manylinux_2_12_x86_64.manylinux2010_x86_64.whl", hash = "sha256:c293d3c0321996cd8ffe84215ffe5d269fd9d1d12c6f4ffe2b597a7c30d3e593"},
    {file = "numpy-1.21.5-cp39-cp39-manylinux_2_17_aarch64.manylinux2014_aarch64.whl", hash = "sha256:3c978544be9e04ed12016dd295a74283773149b48f507d69b36f91aa90a643e5"},
    {file = "numpy-1.21.5-cp39-cp39-win32.whl", hash = "sha256:2a9add27d7fc0fdb572abc3b2486eb3b1395da71e0254c5552b2aad2a18b5441"},
    {file = "numpy-1.21.5-cp39-cp39-win_amd64.whl", hash = "sha256:1964db2d4a00348b7a60ee9d013c8cb0c566644a589eaa80995126eac3b99ced"},
    {file = "numpy-1.21.5-pp37-pypy37_pp73-manylinux_2_12_x86_64.manylinux2010_x86_64.whl", hash = "sha256:a7c4b701ca418cd39e28ec3b496e6388fe06de83f5f0cb74794fa31cfa384c02"},
    {file = "numpy-1.21.5.zip", hash = "sha256:6a5928bc6241264dce5ed509e66f33676fc97f464e7a919edc672fb5532221ee"},
]
packaging = [
    {file = "packaging-21.3-py3-none-any.whl", hash = "sha256:ef103e05f519cdc783ae24ea4e2e0f508a9c99b2d4969652eed6a2e1ea5bd522"},
    {file = "packaging-21.3.tar.gz", hash = "sha256:dd47c42927d89ab911e606518907cc2d3a1f38bbd026385970643f9c5b8ecfeb"},
]
pillow = [
    {file = "Pillow-9.0.1-1-cp310-cp310-macosx_11_0_arm64.whl", hash = "sha256:a5d24e1d674dd9d72c66ad3ea9131322819ff86250b30dc5821cbafcfa0b96b4"},
    {file = "Pillow-9.0.1-1-cp38-cp38-macosx_11_0_arm64.whl", hash = "sha256:2632d0f846b7c7600edf53c48f8f9f1e13e62f66a6dbc15191029d950bfed976"},
    {file = "Pillow-9.0.1-1-cp39-cp39-macosx_11_0_arm64.whl", hash = "sha256:b9618823bd237c0d2575283f2939655f54d51b4527ec3972907a927acbcc5bfc"},
    {file = "Pillow-9.0.1-cp310-cp310-macosx_10_10_universal2.whl", hash = "sha256:9bfdb82cdfeccec50aad441afc332faf8606dfa5e8efd18a6692b5d6e79f00fd"},
    {file = "Pillow-9.0.1-cp310-cp310-macosx_11_0_arm64.whl", hash = "sha256:5100b45a4638e3c00e4d2320d3193bdabb2d75e79793af7c3eb139e4f569f16f"},
    {file = "Pillow-9.0.1-cp310-cp310-manylinux_2_17_aarch64.manylinux2014_aarch64.whl", hash = "sha256:528a2a692c65dd5cafc130de286030af251d2ee0483a5bf50c9348aefe834e8a"},
    {file = "Pillow-9.0.1-cp310-cp310-manylinux_2_17_i686.manylinux2014_i686.whl", hash = "sha256:0f29d831e2151e0b7b39981756d201f7108d3d215896212ffe2e992d06bfe049"},
    {file = "Pillow-9.0.1-cp310-cp310-manylinux_2_17_x86_64.manylinux2014_x86_64.whl", hash = "sha256:855c583f268edde09474b081e3ddcd5cf3b20c12f26e0d434e1386cc5d318e7a"},
    {file = "Pillow-9.0.1-cp310-cp310-win32.whl", hash = "sha256:d9d7942b624b04b895cb95af03a23407f17646815495ce4547f0e60e0b06f58e"},
    {file = "Pillow-9.0.1-cp310-cp310-win_amd64.whl", hash = "sha256:81c4b81611e3a3cb30e59b0cf05b888c675f97e3adb2c8672c3154047980726b"},
    {file = "Pillow-9.0.1-cp37-cp37m-macosx_10_10_x86_64.whl", hash = "sha256:413ce0bbf9fc6278b2d63309dfeefe452835e1c78398efb431bab0672fe9274e"},
    {file = "Pillow-9.0.1-cp37-cp37m-manylinux_2_17_aarch64.manylinux2014_aarch64.whl", hash = "sha256:80fe64a6deb6fcfdf7b8386f2cf216d329be6f2781f7d90304351811fb591360"},
    {file = "Pillow-9.0.1-cp37-cp37m-manylinux_2_17_i686.manylinux2014_i686.whl", hash = "sha256:cef9c85ccbe9bee00909758936ea841ef12035296c748aaceee535969e27d31b"},
    {file = "Pillow-9.0.1-cp37-cp37m-manylinux_2_17_x86_64.manylinux2014_x86_64.whl", hash = "sha256:1d19397351f73a88904ad1aee421e800fe4bbcd1aeee6435fb62d0a05ccd1030"},
    {file = "Pillow-9.0.1-cp37-cp37m-win32.whl", hash = "sha256:d21237d0cd37acded35154e29aec853e945950321dd2ffd1a7d86fe686814669"},
    {file = "Pillow-9.0.1-cp37-cp37m-win_amd64.whl", hash = "sha256:ede5af4a2702444a832a800b8eb7f0a7a1c0eed55b644642e049c98d589e5092"},
    {file = "Pillow-9.0.1-cp38-cp38-macosx_10_10_x86_64.whl", hash = "sha256:b5b3f092fe345c03bca1e0b687dfbb39364b21ebb8ba90e3fa707374b7915204"},
    {file = "Pillow-9.0.1-cp38-cp38-macosx_11_0_arm64.whl", hash = "sha256:335ace1a22325395c4ea88e00ba3dc89ca029bd66bd5a3c382d53e44f0ccd77e"},
    {file = "Pillow-9.0.1-cp38-cp38-manylinux_2_17_aarch64.manylinux2014_aarch64.whl", hash = "sha256:db6d9fac65bd08cea7f3540b899977c6dee9edad959fa4eaf305940d9cbd861c"},
    {file = "Pillow-9.0.1-cp38-cp38-manylinux_2_17_i686.manylinux2014_i686.whl", hash = "sha256:f154d173286a5d1863637a7dcd8c3437bb557520b01bddb0be0258dcb72696b5"},
    {file = "Pillow-9.0.1-cp38-cp38-manylinux_2_17_x86_64.manylinux2014_x86_64.whl", hash = "sha256:14d4b1341ac07ae07eb2cc682f459bec932a380c3b122f5540432d8977e64eae"},
    {file = "Pillow-9.0.1-cp38-cp38-win32.whl", hash = "sha256:effb7749713d5317478bb3acb3f81d9d7c7f86726d41c1facca068a04cf5bb4c"},
    {file = "Pillow-9.0.1-cp38-cp38-win_amd64.whl", hash = "sha256:7f7609a718b177bf171ac93cea9fd2ddc0e03e84d8fa4e887bdfc39671d46b00"},
    {file = "Pillow-9.0.1-cp39-cp39-macosx_10_10_x86_64.whl", hash = "sha256:80ca33961ced9c63358056bd08403ff866512038883e74f3a4bf88ad3eb66838"},
    {file = "Pillow-9.0.1-cp39-cp39-macosx_11_0_arm64.whl", hash = "sha256:1c3c33ac69cf059bbb9d1a71eeaba76781b450bc307e2291f8a4764d779a6b28"},
    {file = "Pillow-9.0.1-cp39-cp39-manylinux_2_17_aarch64.manylinux2014_aarch64.whl", hash = "sha256:12875d118f21cf35604176872447cdb57b07126750a33748bac15e77f90f1f9c"},
    {file = "Pillow-9.0.1-cp39-cp39-manylinux_2_17_i686.manylinux2014_i686.whl", hash = "sha256:514ceac913076feefbeaf89771fd6febde78b0c4c1b23aaeab082c41c694e81b"},
    {file = "Pillow-9.0.1-cp39-cp39-manylinux_2_17_x86_64.manylinux2014_x86_64.whl", hash = "sha256:d3c5c79ab7dfce6d88f1ba639b77e77a17ea33a01b07b99840d6ed08031cb2a7"},
    {file = "Pillow-9.0.1-cp39-cp39-win32.whl", hash = "sha256:718856856ba31f14f13ba885ff13874be7fefc53984d2832458f12c38205f7f7"},
    {file = "Pillow-9.0.1-cp39-cp39-win_amd64.whl", hash = "sha256:f25ed6e28ddf50de7e7ea99d7a976d6a9c415f03adcaac9c41ff6ff41b6d86ac"},
    {file = "Pillow-9.0.1-pp37-pypy37_pp73-macosx_10_10_x86_64.whl", hash = "sha256:011233e0c42a4a7836498e98c1acf5e744c96a67dd5032a6f666cc1fb97eab97"},
    {file = "Pillow-9.0.1-pp37-pypy37_pp73-manylinux_2_17_i686.manylinux2014_i686.whl", hash = "sha256:253e8a302a96df6927310a9d44e6103055e8fb96a6822f8b7f514bb7ef77de56"},
    {file = "Pillow-9.0.1-pp37-pypy37_pp73-manylinux_2_17_x86_64.manylinux2014_x86_64.whl", hash = "sha256:6295f6763749b89c994fcb6d8a7f7ce03c3992e695f89f00b741b4580b199b7e"},
    {file = "Pillow-9.0.1-pp38-pypy38_pp73-win_amd64.whl", hash = "sha256:a9f44cd7e162ac6191491d7249cceb02b8116b0f7e847ee33f739d7cb1ea1f70"},
    {file = "Pillow-9.0.1.tar.gz", hash = "sha256:6c8bc8238a7dfdaf7a75f5ec5a663f4173f8c367e5a39f87e720495e1eed75fa"},
]
pluggy = [
    {file = "pluggy-1.0.0-py2.py3-none-any.whl", hash = "sha256:74134bbf457f031a36d68416e1509f34bd5ccc019f0bcc952c7b909d06b37bd3"},
    {file = "pluggy-1.0.0.tar.gz", hash = "sha256:4224373bacce55f955a878bf9cfa763c1e360858e330072059e10bad68531159"},
]
py = [
    {file = "py-1.11.0-py2.py3-none-any.whl", hash = "sha256:607c53218732647dff4acdfcd50cb62615cedf612e72d1724fb1a0cc6405b378"},
    {file = "py-1.11.0.tar.gz", hash = "sha256:51c75c4126074b472f746a24399ad32f6053d1b34b68d2fa41e558e6f4a98719"},
]
pyparsing = [
    {file = "pyparsing-3.0.7-py3-none-any.whl", hash = "sha256:a6c06a88f252e6c322f65faf8f418b16213b51bdfaece0524c1c1bc30c63c484"},
    {file = "pyparsing-3.0.7.tar.gz", hash = "sha256:18ee9022775d270c55187733956460083db60b37d0d0fb357445f3094eed3eea"},
]
pytest = [
    {file = "pytest-7.0.1-py3-none-any.whl", hash = "sha256:9ce3ff477af913ecf6321fe337b93a2c0dcf2a0a1439c43f5452112c1e4280db"},
    {file = "pytest-7.0.1.tar.gz", hash = "sha256:e30905a0c131d3d94b89624a1cc5afec3e0ba2fbdb151867d8e0ebd49850f171"},
]
scipy = [
    {file = "scipy-1.8.0-cp310-cp310-macosx_10_9_x86_64.whl", hash = "sha256:87b01c7d5761e8a266a0fbdb9d88dcba0910d63c1c671bdb4d99d29f469e9e03"},
    {file = "scipy-1.8.0-cp310-cp310-macosx_12_0_arm64.whl", hash = "sha256:ae3e327da323d82e918e593460e23babdce40d7ab21490ddf9fc06dec6b91a18"},
    {file = "scipy-1.8.0-cp310-cp310-macosx_12_0_universal2.macosx_10_9_x86_64.whl", hash = "sha256:16e09ef68b352d73befa8bcaf3ebe25d3941fe1a58c82909d5589856e6bc8174"},
    {file = "scipy-1.8.0-cp310-cp310-manylinux_2_17_aarch64.manylinux2014_aarch64.whl", hash = "sha256:c17a1878d00a5dd2797ccd73623ceca9d02375328f6218ee6d921e1325e61aff"},
    {file = "scipy-1.8.0-cp310-cp310-manylinux_2_17_x86_64.manylinux2014_x86_64.whl", hash = "sha256:937d28722f13302febde29847bbe554b89073fbb924a30475e5ed7b028898b5f"},
    {file = "scipy-1.8.0-cp310-cp310-win_amd64.whl", hash = "sha256:8f4d059a97b29c91afad46b1737274cb282357a305a80bdd9e8adf3b0ca6a3f0"},
    {file = "scipy-1.8.0-cp38-cp38-macosx_10_9_x86_64.whl", hash = "sha256:38aa39b6724cb65271e469013aeb6f2ce66fd44f093e241c28a9c6bc64fd79ed"},
    {file = "scipy-1.8.0-cp38-cp38-macosx_12_0_arm64.whl", hash = "sha256:559a8a4c03a5ba9fe3232f39ed24f86457e4f3f6c0abbeae1fb945029f092720"},
    {file = "scipy-1.8.0-cp38-cp38-macosx_12_0_universal2.macosx_10_9_x86_64.whl", hash = "sha256:f4a6d3b9f9797eb2d43938ac2c5d96d02aed17ef170c8b38f11798717523ddba"},
    {file = "scipy-1.8.0-cp38-cp38-manylinux_2_12_i686.manylinux2010_i686.whl", hash = "sha256:92b2c2af4183ed09afb595709a8ef5783b2baf7f41e26ece24e1329c109691a7"},
    {file = "scipy-1.8.0-cp38-cp38-manylinux_2_17_aarch64.manylinux2014_aarch64.whl", hash = "sha256:a279e27c7f4566ef18bab1b1e2c37d168e365080974758d107e7d237d3f0f484"},
    {file = "scipy-1.8.0-cp38-cp38-manylinux_2_17_x86_64.manylinux2014_x86_64.whl", hash = "sha256:ad5be4039147c808e64f99c0e8a9641eb5d2fa079ff5894dcd8240e94e347af4"},
    {file = "scipy-1.8.0-cp38-cp38-win32.whl", hash = "sha256:3d9dd6c8b93a22bf9a3a52d1327aca7e092b1299fb3afc4f89e8eba381be7b59"},
    {file = "scipy-1.8.0-cp38-cp38-win_amd64.whl", hash = "sha256:5e73343c5e0d413c1f937302b2e04fb07872f5843041bcfd50699aef6e95e399"},
    {file = "scipy-1.8.0-cp39-cp39-macosx_10_9_x86_64.whl", hash = "sha256:de2e80ee1d925984c2504812a310841c241791c5279352be4707cdcd7c255039"},
    {file = "scipy-1.8.0-cp39-cp39-macosx_12_0_arm64.whl", hash = "sha256:c2bae431d127bf0b1da81fc24e4bba0a84d058e3a96b9dd6475dfcb3c5e8761e"},
    {file = "scipy-1.8.0-cp39-cp39-macosx_12_0_universal2.macosx_10_9_x86_64.whl", hash = "sha256:723b9f878095ed994756fa4ee3060c450e2db0139c5ba248ee3f9628bd64e735"},
    {file = "scipy-1.8.0-cp39-cp39-manylinux_2_12_i686.manylinux2010_i686.whl", hash = "sha256:011d4386b53b933142f58a652aa0f149c9b9242abd4f900b9f4ea5fbafc86b89"},
    {file = "scipy-1.8.0-cp39-cp39-manylinux_2_17_aarch64.manylinux2014_aarch64.whl", hash = "sha256:e6f0cd9c0bd374ef834ee1e0f0999678d49dcc400ea6209113d81528958f97c7"},
    {file = "scipy-1.8.0-cp39-cp39-manylinux_2_17_x86_64.manylinux2014_x86_64.whl", hash = "sha256:f3720d0124aced49f6f2198a6900304411dbbeed12f56951d7c66ebef05e3df6"},
    {file = "scipy-1.8.0-cp39-cp39-win32.whl", hash = "sha256:3d573228c10a3a8c32b9037be982e6440e411b443a6267b067cac72f690b8d56"},
    {file = "scipy-1.8.0-cp39-cp39-win_amd64.whl", hash = "sha256:bb7088e89cd751acf66195d2f00cf009a1ea113f3019664032d9075b1e727b6c"},
    {file = "scipy-1.8.0.tar.gz", hash = "sha256:31d4f2d6b724bc9a98e527b5849b8a7e589bf1ea630c33aa563eda912c9ff0bd"},
]
tomli = [
    {file = "tomli-2.0.1-py3-none-any.whl", hash = "sha256:939de3e7a6161af0c887ef91b7d41a53e7c5a1ca976325f429cb46ea9bc30ecc"},
    {file = "tomli-2.0.1.tar.gz", hash = "sha256:de526c12914f0c550d15924c62d72abc48d6fe7364aa87328337a31007fe8a4f"},
]
